[[package]]
name = "atomicwrites"
version = "1.4.0"
description = "Atomic file writes."
category = "dev"
optional = false
python-versions = ">=2.7, !=3.0.*, !=3.1.*, !=3.2.*, !=3.3.*"

[[package]]
name = "attrs"
version = "20.1.0"
description = "Classes Without Boilerplate"
category = "dev"
optional = false
python-versions = ">=2.7, !=3.0.*, !=3.1.*, !=3.2.*, !=3.3.*"

[package.extras]
dev = ["coverage[toml] (>=5.0.2)", "hypothesis", "pympler", "pytest (>=4.3.0)", "six", "zope.interface", "sphinx", "sphinx-rtd-theme", "pre-commit"]
docs = ["sphinx", "sphinx-rtd-theme", "zope.interface"]
tests = ["coverage[toml] (>=5.0.2)", "hypothesis", "pympler", "pytest (>=4.3.0)", "six", "zope.interface"]

[[package]]
name = "bandit"
version = "1.6.2"
description = "Security oriented static analyser for python code."
category = "dev"
optional = false
python-versions = "*"

[package.dependencies]
colorama = {version = ">=0.3.9", markers = "platform_system == \"Windows\""}
GitPython = ">=1.0.1"
PyYAML = ">=3.13"
six = ">=1.10.0"
stevedore = ">=1.20.0"

[[package]]
name = "certifi"
version = "2020.6.20"
description = "Python package for providing Mozilla's CA Bundle."
category = "main"
optional = false
python-versions = "*"

[[package]]
name = "chardet"
version = "3.0.4"
description = "Universal encoding detector for Python 2 and 3"
category = "main"
optional = false
python-versions = "*"

[[package]]
name = "colorama"
version = "0.4.3"
description = "Cross-platform colored terminal text."
category = "dev"
optional = false
python-versions = ">=2.7, !=3.0.*, !=3.1.*, !=3.2.*, !=3.3.*, !=3.4.*"

[[package]]
name = "gitdb"
version = "4.0.5"
description = "Git Object Database"
category = "dev"
optional = false
python-versions = ">=3.4"

[package.dependencies]
smmap = ">=3.0.1,<4"

[[package]]
name = "gitpython"
version = "3.1.7"
description = "Python Git Library"
category = "dev"
optional = false
python-versions = ">=3.4"

[package.dependencies]
gitdb = ">=4.0.1,<5"

[[package]]
name = "idna"
version = "2.10"
description = "Internationalized Domain Names in Applications (IDNA)"
category = "main"
optional = false
python-versions = ">=2.7, !=3.0.*, !=3.1.*, !=3.2.*, !=3.3.*"

[[package]]
name = "importlib-metadata"
version = "1.7.0"
description = "Read metadata from Python packages"
category = "dev"
optional = false
python-versions = "!=3.0.*,!=3.1.*,!=3.2.*,!=3.3.*,!=3.4.*,>=2.7"

[package.dependencies]
zipp = ">=0.5"

[package.extras]
docs = ["sphinx", "rst.linker"]
testing = ["packaging", "pep517", "importlib-resources (>=1.3)"]

[[package]]
name = "iniconfig"
version = "1.0.1"
description = "iniconfig: brain-dead simple config-ini parsing"
category = "dev"
optional = false
python-versions = "*"

[[package]]
name = "iso-639"
version = "0.4.5"
description = "Python library for ISO 639 standard"
category = "main"
optional = false
python-versions = "*"

[[package]]
name = "iso3166"
version = "1.0.1"
description = "Self-contained ISO 3166-1 country definitions."
category = "main"
optional = false
python-versions = "*"

[[package]]
name = "isodate"
version = "0.6.0"
description = "An ISO 8601 date/time/duration parser and formatter"
category = "main"
optional = false
python-versions = "*"

[package.dependencies]
six = "*"

[[package]]
name = "packaging"
version = "20.4"
description = "Core utilities for Python packages"
category = "dev"
optional = false
python-versions = ">=2.7, !=3.0.*, !=3.1.*, !=3.2.*, !=3.3.*"

[package.dependencies]
pyparsing = ">=2.0.2"
six = "*"

[[package]]
name = "pbr"
version = "5.4.5"
description = "Python Build Reasonableness"
category = "dev"
optional = false
python-versions = "*"

[[package]]
name = "pluggy"
version = "0.13.1"
description = "plugin and hook calling mechanisms for python"
category = "dev"
optional = false
python-versions = ">=2.7, !=3.0.*, !=3.1.*, !=3.2.*, !=3.3.*"

[package.dependencies]
importlib-metadata = {version = ">=0.12", markers = "python_version < \"3.8\""}

[package.extras]
dev = ["pre-commit", "tox"]

[[package]]
name = "py"
version = "1.9.0"
description = "library with cross-python path, ini-parsing, io, code, log facilities"
category = "dev"
optional = false
python-versions = ">=2.7, !=3.0.*, !=3.1.*, !=3.2.*, !=3.3.*"

[[package]]
name = "pycryptodome"
version = "3.9.8"
description = "Cryptographic library for Python"
category = "main"
optional = false
python-versions = ">=2.6, !=3.0.*, !=3.1.*, !=3.2.*, !=3.3.*"

[[package]]
name = "pyparsing"
version = "2.4.7"
description = "Python parsing module"
category = "dev"
optional = false
python-versions = ">=2.6, !=3.0.*, !=3.1.*, !=3.2.*"

[[package]]
name = "pysocks"
version = "1.7.1"
description = "A Python SOCKS client module. See https://github.com/Anorov/PySocks for more information."
category = "main"
optional = false
python-versions = ">=2.7, !=3.0.*, !=3.1.*, !=3.2.*, !=3.3.*"

[[package]]
name = "pytest"
version = "6.1.2"
description = "pytest: simple powerful testing with Python"
category = "dev"
optional = false
python-versions = ">=3.5"

[package.dependencies]
atomicwrites = {version = ">=1.0", markers = "sys_platform == \"win32\""}
attrs = ">=17.4.0"
colorama = {version = "*", markers = "sys_platform == \"win32\""}
importlib-metadata = {version = ">=0.12", markers = "python_version < \"3.8\""}
iniconfig = "*"
packaging = "*"
pluggy = ">=0.12,<1.0"
py = ">=1.8.2"
toml = "*"

[package.extras]
checkqa_mypy = ["mypy (==0.780)"]
testing = ["argcomplete", "hypothesis (>=3.56)", "mock", "nose", "requests", "xmlschema"]

[[package]]
name = "pyyaml"
version = "5.3.1"
description = "YAML parser and emitter for Python"
category = "main"
optional = false
python-versions = ">=2.7, !=3.0.*, !=3.1.*, !=3.2.*, !=3.3.*, !=3.4.*"

[[package]]
name = "requests"
version = "2.25.0"
description = "Python HTTP for Humans."
category = "main"
optional = false
python-versions = ">=2.7, !=3.0.*, !=3.1.*, !=3.2.*, !=3.3.*, !=3.4.*"

[package.dependencies]
certifi = ">=2017.4.17"
chardet = ">=3.0.2,<4"
idna = ">=2.5,<3"
urllib3 = ">=1.21.1,<1.27"

[package.extras]
security = ["pyOpenSSL (>=0.14)", "cryptography (>=1.3.4)"]
socks = ["PySocks (>=1.5.6,!=1.5.7)", "win-inet-pton"]

[[package]]
name = "six"
version = "1.15.0"
description = "Python 2 and 3 compatibility utilities"
category = "main"
optional = false
python-versions = ">=2.7, !=3.0.*, !=3.1.*, !=3.2.*"

[[package]]
name = "smmap"
version = "3.0.4"
description = "A pure Python implementation of a sliding window memory map manager"
category = "dev"
optional = false
python-versions = ">=2.7, !=3.0.*, !=3.1.*, !=3.2.*, !=3.3.*"

[[package]]
name = "stevedore"
version = "3.2.0"
description = "Manage dynamic plugins for Python applications"
category = "dev"
optional = false
python-versions = ">=3.6"

[package.dependencies]
importlib-metadata = {version = ">=1.7.0", markers = "python_version < \"3.8\""}
pbr = ">=2.0.0,<2.1.0 || >2.1.0"

[[package]]
name = "streamlink"
version = "1.7.0"
description = "Streamlink is command-line utility that extracts streams from various services and pipes them into a video player of choice."
category = "main"
optional = false
python-versions = ">=2.7, !=3.0.*, !=3.1.*, !=3.2.*, !=3.3.*, !=3.4.*, <4"

[package.dependencies]
iso-639 = "*"
iso3166 = "*"
isodate = "*"
pycryptodome = ">=3.4.3,<4"
PySocks = ">=1.5.6,<1.5.7 || >1.5.7"
requests = ">=2.21.0,<3.0"
websocket-client = "*"

[[package]]
name = "toml"
version = "0.10.1"
description = "Python Library for Tom's Obvious, Minimal Language"
category = "dev"
optional = false
python-versions = "*"

[[package]]
name = "urllib3"
version = "1.25.10"
description = "HTTP library with thread-safe connection pooling, file post, and more."
category = "main"
optional = false
python-versions = ">=2.7, !=3.0.*, !=3.1.*, !=3.2.*, !=3.3.*, !=3.4.*, <4"

[package.extras]
brotli = ["brotlipy (>=0.6.0)"]
secure = ["certifi", "cryptography (>=1.3.4)", "idna (>=2.0.0)", "pyOpenSSL (>=0.14)", "ipaddress"]
socks = ["PySocks (>=1.5.6,!=1.5.7,<2.0)"]

[[package]]
name = "websocket-client"
version = "0.57.0"
description = "WebSocket client for Python. hybi13 is supported."
category = "main"
optional = false
python-versions = ">=2.6, !=3.0.*, !=3.1.*, !=3.2.*, !=3.3.*"

[package.dependencies]
six = "*"

[[package]]
name = "youtube-dl"
version = "2020.11.26"
description = "YouTube video downloader"
category = "main"
optional = false
python-versions = "*"

[[package]]
name = "zipp"
version = "3.1.0"
description = "Backport of pathlib-compatible object wrapper for zip files"
category = "dev"
optional = false
python-versions = ">=3.6"

[package.extras]
docs = ["sphinx", "jaraco.packaging (>=3.2)", "rst.linker (>=1.9)"]
testing = ["jaraco.itertools", "func-timeout"]

[metadata]
lock-version = "1.1"
python-versions = "^3.7"
content-hash = "84738e2eacb46d56d1a36aca615759308b44d4e8e7ad9e9ad58e4d27f7c93b4c"

[metadata.files]
atomicwrites = [
    {file = "atomicwrites-1.4.0-py2.py3-none-any.whl", hash = "sha256:6d1784dea7c0c8d4a5172b6c620f40b6e4cbfdf96d783691f2e1302a7b88e197"},
    {file = "atomicwrites-1.4.0.tar.gz", hash = "sha256:ae70396ad1a434f9c7046fd2dd196fc04b12f9e91ffb859164193be8b6168a7a"},
]
attrs = [
    {file = "attrs-20.1.0-py2.py3-none-any.whl", hash = "sha256:2867b7b9f8326499ab5b0e2d12801fa5c98842d2cbd22b35112ae04bf85b4dff"},
    {file = "attrs-20.1.0.tar.gz", hash = "sha256:0ef97238856430dcf9228e07f316aefc17e8939fc8507e18c6501b761ef1a42a"},
]
bandit = [
    {file = "bandit-1.6.2-py2.py3-none-any.whl", hash = "sha256:336620e220cf2d3115877685e264477ff9d9abaeb0afe3dc7264f55fa17a3952"},
    {file = "bandit-1.6.2.tar.gz", hash = "sha256:41e75315853507aa145d62a78a2a6c5e3240fe14ee7c601459d0df9418196065"},
]
certifi = [
    {file = "certifi-2020.6.20-py2.py3-none-any.whl", hash = "sha256:8fc0819f1f30ba15bdb34cceffb9ef04d99f420f68eb75d901e9560b8749fc41"},
    {file = "certifi-2020.6.20.tar.gz", hash = "sha256:5930595817496dd21bb8dc35dad090f1c2cd0adfaf21204bf6732ca5d8ee34d3"},
]
chardet = [
    {file = "chardet-3.0.4-py2.py3-none-any.whl", hash = "sha256:fc323ffcaeaed0e0a02bf4d117757b98aed530d9ed4531e3e15460124c106691"},
    {file = "chardet-3.0.4.tar.gz", hash = "sha256:84ab92ed1c4d4f16916e05906b6b75a6c0fb5db821cc65e70cbd64a3e2a5eaae"},
]
colorama = [
    {file = "colorama-0.4.3-py2.py3-none-any.whl", hash = "sha256:7d73d2a99753107a36ac6b455ee49046802e59d9d076ef8e47b61499fa29afff"},
    {file = "colorama-0.4.3.tar.gz", hash = "sha256:e96da0d330793e2cb9485e9ddfd918d456036c7149416295932478192f4436a1"},
]
gitdb = [
    {file = "gitdb-4.0.5-py3-none-any.whl", hash = "sha256:91f36bfb1ab7949b3b40e23736db18231bf7593edada2ba5c3a174a7b23657ac"},
    {file = "gitdb-4.0.5.tar.gz", hash = "sha256:c9e1f2d0db7ddb9a704c2a0217be31214e91a4fe1dea1efad19ae42ba0c285c9"},
]
gitpython = [
    {file = "GitPython-3.1.7-py3-none-any.whl", hash = "sha256:fa3b92da728a457dd75d62bb5f3eb2816d99a7fe6c67398e260637a40e3fafb5"},
    {file = "GitPython-3.1.7.tar.gz", hash = "sha256:2db287d71a284e22e5c2846042d0602465c7434d910406990d5b74df4afb0858"},
]
idna = [
    {file = "idna-2.10-py2.py3-none-any.whl", hash = "sha256:b97d804b1e9b523befed77c48dacec60e6dcb0b5391d57af6a65a312a90648c0"},
    {file = "idna-2.10.tar.gz", hash = "sha256:b307872f855b18632ce0c21c5e45be78c0ea7ae4c15c828c20788b26921eb3f6"},
]
importlib-metadata = [
    {file = "importlib_metadata-1.7.0-py2.py3-none-any.whl", hash = "sha256:dc15b2969b4ce36305c51eebe62d418ac7791e9a157911d58bfb1f9ccd8e2070"},
    {file = "importlib_metadata-1.7.0.tar.gz", hash = "sha256:90bb658cdbbf6d1735b6341ce708fc7024a3e14e99ffdc5783edea9f9b077f83"},
]
iniconfig = [
    {file = "iniconfig-1.0.1-py3-none-any.whl", hash = "sha256:80cf40c597eb564e86346103f609d74efce0f6b4d4f30ec8ce9e2c26411ba437"},
    {file = "iniconfig-1.0.1.tar.gz", hash = "sha256:e5f92f89355a67de0595932a6c6c02ab4afddc6fcdc0bfc5becd0d60884d3f69"},
]
iso-639 = [
    {file = "iso-639-0.4.5.tar.gz", hash = "sha256:dc9cd4b880b898d774c47fe9775167404af8a85dd889d58f9008035109acce49"},
]
iso3166 = [
    {file = "iso3166-1.0.1-py2.py3-none-any.whl", hash = "sha256:b07208703bd881a4f974e39fa013c4498dddd64913ada15f24be75d02ae68a44"},
    {file = "iso3166-1.0.1.tar.gz", hash = "sha256:b1e58dbcf50fbb2c9c418ec7a6057f0cdb30b8f822ac852f72e71ba769dae8c5"},
]
isodate = [
    {file = "isodate-0.6.0-py2.py3-none-any.whl", hash = "sha256:aa4d33c06640f5352aca96e4b81afd8ab3b47337cc12089822d6f322ac772c81"},
    {file = "isodate-0.6.0.tar.gz", hash = "sha256:2e364a3d5759479cdb2d37cce6b9376ea504db2ff90252a2e5b7cc89cc9ff2d8"},
]
packaging = [
    {file = "packaging-20.4-py2.py3-none-any.whl", hash = "sha256:998416ba6962ae7fbd6596850b80e17859a5753ba17c32284f67bfff33784181"},
    {file = "packaging-20.4.tar.gz", hash = "sha256:4357f74f47b9c12db93624a82154e9b120fa8293699949152b22065d556079f8"},
]
pbr = [
    {file = "pbr-5.4.5-py2.py3-none-any.whl", hash = "sha256:579170e23f8e0c2f24b0de612f71f648eccb79fb1322c814ae6b3c07b5ba23e8"},
    {file = "pbr-5.4.5.tar.gz", hash = "sha256:07f558fece33b05caf857474a366dfcc00562bca13dd8b47b2b3e22d9f9bf55c"},
]
pluggy = [
    {file = "pluggy-0.13.1-py2.py3-none-any.whl", hash = "sha256:966c145cd83c96502c3c3868f50408687b38434af77734af1e9ca461a4081d2d"},
    {file = "pluggy-0.13.1.tar.gz", hash = "sha256:15b2acde666561e1298d71b523007ed7364de07029219b604cf808bfa1c765b0"},
]
py = [
    {file = "py-1.9.0-py2.py3-none-any.whl", hash = "sha256:366389d1db726cd2fcfc79732e75410e5fe4d31db13692115529d34069a043c2"},
    {file = "py-1.9.0.tar.gz", hash = "sha256:9ca6883ce56b4e8da7e79ac18787889fa5206c79dcc67fb065376cd2fe03f342"},
]
pycryptodome = [
    {file = "pycryptodome-3.9.8-cp27-cp27m-macosx_10_6_intel.whl", hash = "sha256:50348edd283afdccddc0938cdc674484533912ba8a99a27c7bfebb75030aa856"},
    {file = "pycryptodome-3.9.8-cp27-cp27m-manylinux1_i686.whl", hash = "sha256:80d57177a0b7c14d4594c62bbb47fe2f6309ad3b0a34348a291d570925c97a82"},
    {file = "pycryptodome-3.9.8-cp27-cp27m-manylinux1_x86_64.whl", hash = "sha256:fbe65d5cfe04ff2f7684160d50f5118bdefb01e3af4718eeb618bfed40f19d94"},
    {file = "pycryptodome-3.9.8-cp27-cp27m-win32.whl", hash = "sha256:bcd5b8416e73e4b0d48afba3704d8c826414764dafaed7a1a93c442188d90ccc"},
    {file = "pycryptodome-3.9.8-cp27-cp27m-win_amd64.whl", hash = "sha256:360955eece2cd0fa694a708d10303c6abd7b39614fa2547b6bd245da76198beb"},
    {file = "pycryptodome-3.9.8-cp27-cp27mu-manylinux1_i686.whl", hash = "sha256:1e655746f539421d923fd48df8f6f40b3443d80b75532501c0085b64afed9df5"},
    {file = "pycryptodome-3.9.8-cp27-cp27mu-manylinux1_x86_64.whl", hash = "sha256:709b9f144d23e290b9863121d1ace14a72e01f66ea9c903fbdc690520dfdfcf0"},
    {file = "pycryptodome-3.9.8-cp35-cp35m-macosx_10_6_intel.whl", hash = "sha256:6276478ada411aca97c0d5104916354b3d740d368407912722bd4d11aa9ee4c2"},
    {file = "pycryptodome-3.9.8-cp35-cp35m-manylinux1_i686.whl", hash = "sha256:54bdedd28476dea8a3cd86cb67c0df1f0e3d71cae8022354b0f879c41a3d27b2"},
    {file = "pycryptodome-3.9.8-cp35-cp35m-manylinux1_x86_64.whl", hash = "sha256:f521178e5a991ffd04182ed08f552daca1affcb826aeda0e1945cd989a9d4345"},
    {file = "pycryptodome-3.9.8-cp35-cp35m-manylinux2014_aarch64.whl", hash = "sha256:f2e045224074d5664dc9cbabbf4f4d4d46f1ee90f24780e3a9a668fd096ff17f"},
    {file = "pycryptodome-3.9.8-cp35-cp35m-win32.whl", hash = "sha256:a207231a52426de3ff20f5608f0687261a3329d97a036c51f7d4c606a6f30c23"},
    {file = "pycryptodome-3.9.8-cp35-cp35m-win_amd64.whl", hash = "sha256:2b998dc45ef5f4e5cf5248a6edfcd8d8e9fb5e35df8e4259b13a1b10eda7b16b"},
    {file = "pycryptodome-3.9.8-cp36-cp36m-macosx_10_6_intel.whl", hash = "sha256:03d5cca8618620f45fd40f827423f82b86b3a202c8d44108601b0f5f56b04299"},
    {file = "pycryptodome-3.9.8-cp36-cp36m-manylinux1_i686.whl", hash = "sha256:f78a68c2c820e4731e510a2df3eef0322f24fde1781ced970bf497b6c7d92982"},
    {file = "pycryptodome-3.9.8-cp36-cp36m-manylinux1_x86_64.whl", hash = "sha256:132a56abba24e2e06a479d8e5db7a48271a73a215f605017bbd476d31f8e71c1"},
    {file = "pycryptodome-3.9.8-cp36-cp36m-manylinux2014_aarch64.whl", hash = "sha256:cecbf67e81d6144a50dc615629772859463b2e4f815d0c082fa421db362f040e"},
    {file = "pycryptodome-3.9.8-cp36-cp36m-win32.whl", hash = "sha256:67dcad1b8b201308586a8ca2ffe89df1e4f731d5a4cdd0610cc4ea790351c739"},
    {file = "pycryptodome-3.9.8-cp36-cp36m-win_amd64.whl", hash = "sha256:b56638d58a3a4be13229c6a815cd448f9e3ce40c00880a5398471b42ee86f50e"},
    {file = "pycryptodome-3.9.8-cp37-cp37m-macosx_10_6_intel.whl", hash = "sha256:bec2bcdf7c9ce7f04d718e51887f3b05dc5c1cfaf5d2c2e9065ecddd1b2f6c9a"},
    {file = "pycryptodome-3.9.8-cp37-cp37m-manylinux1_i686.whl", hash = "sha256:abc2e126c9490e58a36a0f83516479e781d83adfb134576a5cbe5c6af2a3e93c"},
    {file = "pycryptodome-3.9.8-cp37-cp37m-manylinux1_x86_64.whl", hash = "sha256:ef39c98d9b8c0736d91937d193653e47c3b19ddf4fc3bccdc5e09aaa4b0c5d21"},
    {file = "pycryptodome-3.9.8-cp37-cp37m-manylinux2014_aarch64.whl", hash = "sha256:87006cf0d81505408f1ae4f55cf8a5d95a8e029a4793360720ae17c6500f7ecc"},
    {file = "pycryptodome-3.9.8-cp37-cp37m-win32.whl", hash = "sha256:4350a42028240c344ee855f032c7d4ad6ff4f813bfbe7121547b7dc579ecc876"},
    {file = "pycryptodome-3.9.8-cp37-cp37m-win_amd64.whl", hash = "sha256:c8bf40cf6e281a4378e25846924327e728a887e8bf0ee83b2604a0f4b61692e8"},
    {file = "pycryptodome-3.9.8-cp38-cp38-macosx_10_9_x86_64.whl", hash = "sha256:d8074c8448cfd0705dfa71ca333277fce9786d0b9cac75d120545de6253f996a"},
    {file = "pycryptodome-3.9.8-cp38-cp38-manylinux1_i686.whl", hash = "sha256:8063a712fba642f78d3c506b0896846601b6de7f5c3d534e388ad0cc07f5a149"},
    {file = "pycryptodome-3.9.8-cp38-cp38-manylinux1_x86_64.whl", hash = "sha256:dd302b6ae3965afeb5ef1b0d92486f986c0e65183cd7835973f0b593800590e6"},
    {file = "pycryptodome-3.9.8-cp38-cp38-manylinux2014_aarch64.whl", hash = "sha256:663f8de2b3df2e744d6e1610506e0ea4e213bde906795953c1e82279c169f0a7"},
    {file = "pycryptodome-3.9.8-cp38-cp38-win32.whl", hash = "sha256:02e51e1d5828d58f154896ddfd003e2e7584869c275e5acbe290443575370fba"},
    {file = "pycryptodome-3.9.8-cp38-cp38-win_amd64.whl", hash = "sha256:55eb61aca2c883db770999f50d091ff7c14016f2769ad7bca3d9b75d1d7c1b68"},
    {file = "pycryptodome-3.9.8-cp39-cp39-manylinux1_i686.whl", hash = "sha256:39ef9fb52d6ec7728fce1f1693cb99d60ce302aeebd59bcedea70ca3203fda60"},
    {file = "pycryptodome-3.9.8-cp39-cp39-manylinux1_x86_64.whl", hash = "sha256:de6e1cd75677423ff64712c337521e62e3a7a4fc84caabbd93207752e831a85a"},
    {file = "pycryptodome-3.9.8-cp39-cp39-manylinux2014_aarch64.whl", hash = "sha256:9f62d21bc693f3d7d444f17ed2ad7a913b4c37c15cd807895d013c39c0517dfd"},
    {file = "pycryptodome-3.9.8.tar.gz", hash = "sha256:0e24171cf01021bc5dc17d6a9d4f33a048f09d62cc3f62541e95ef104588bda4"},
]
pyparsing = [
    {file = "pyparsing-2.4.7-py2.py3-none-any.whl", hash = "sha256:ef9d7589ef3c200abe66653d3f1ab1033c3c419ae9b9bdb1240a85b024efc88b"},
    {file = "pyparsing-2.4.7.tar.gz", hash = "sha256:c203ec8783bf771a155b207279b9bccb8dea02d8f0c9e5f8ead507bc3246ecc1"},
]
pysocks = [
    {file = "PySocks-1.7.1-py27-none-any.whl", hash = "sha256:08e69f092cc6dbe92a0fdd16eeb9b9ffbc13cadfe5ca4c7bd92ffb078b293299"},
    {file = "PySocks-1.7.1-py3-none-any.whl", hash = "sha256:2725bd0a9925919b9b51739eea5f9e2bae91e83288108a9ad338b2e3a4435ee5"},
    {file = "PySocks-1.7.1.tar.gz", hash = "sha256:3f8804571ebe159c380ac6de37643bb4685970655d3bba243530d6558b799aa0"},
]
pytest = [
    {file = "pytest-6.1.2-py3-none-any.whl", hash = "sha256:4288fed0d9153d9646bfcdf0c0428197dba1ecb27a33bb6e031d002fa88653fe"},
    {file = "pytest-6.1.2.tar.gz", hash = "sha256:c0a7e94a8cdbc5422a51ccdad8e6f1024795939cc89159a0ae7f0b316ad3823e"},
]
pyyaml = [
    {file = "PyYAML-5.3.1-cp27-cp27m-win32.whl", hash = "sha256:74809a57b329d6cc0fdccee6318f44b9b8649961fa73144a98735b0aaf029f1f"},
    {file = "PyYAML-5.3.1-cp27-cp27m-win_amd64.whl", hash = "sha256:240097ff019d7c70a4922b6869d8a86407758333f02203e0fc6ff79c5dcede76"},
    {file = "PyYAML-5.3.1-cp35-cp35m-win32.whl", hash = "sha256:4f4b913ca1a7319b33cfb1369e91e50354d6f07a135f3b901aca02aa95940bd2"},
    {file = "PyYAML-5.3.1-cp35-cp35m-win_amd64.whl", hash = "sha256:cc8955cfbfc7a115fa81d85284ee61147059a753344bc51098f3ccd69b0d7e0c"},
    {file = "PyYAML-5.3.1-cp36-cp36m-win32.whl", hash = "sha256:7739fc0fa8205b3ee8808aea45e968bc90082c10aef6ea95e855e10abf4a37b2"},
    {file = "PyYAML-5.3.1-cp36-cp36m-win_amd64.whl", hash = "sha256:69f00dca373f240f842b2931fb2c7e14ddbacd1397d57157a9b005a6a9942648"},
    {file = "PyYAML-5.3.1-cp37-cp37m-win32.whl", hash = "sha256:d13155f591e6fcc1ec3b30685d50bf0711574e2c0dfffd7644babf8b5102ca1a"},
    {file = "PyYAML-5.3.1-cp37-cp37m-win_amd64.whl", hash = "sha256:73f099454b799e05e5ab51423c7bcf361c58d3206fa7b0d555426b1f4d9a3eaf"},
    {file = "PyYAML-5.3.1-cp38-cp38-win32.whl", hash = "sha256:06a0d7ba600ce0b2d2fe2e78453a470b5a6e000a985dd4a4e54e436cc36b0e97"},
    {file = "PyYAML-5.3.1-cp38-cp38-win_amd64.whl", hash = "sha256:95f71d2af0ff4227885f7a6605c37fd53d3a106fcab511b8860ecca9fcf400ee"},
    {file = "PyYAML-5.3.1-cp39-cp39-win32.whl", hash = "sha256:ad9c67312c84def58f3c04504727ca879cb0013b2517c85a9a253f0cb6380c0a"},
    {file = "PyYAML-5.3.1-cp39-cp39-win_amd64.whl", hash = "sha256:6034f55dab5fea9e53f436aa68fa3ace2634918e8b5994d82f3621c04ff5ed2e"},
    {file = "PyYAML-5.3.1.tar.gz", hash = "sha256:b8eac752c5e14d3eca0e6dd9199cd627518cb5ec06add0de9d32baeee6fe645d"},
]
requests = [
    {file = "requests-2.25.0-py2.py3-none-any.whl", hash = "sha256:e786fa28d8c9154e6a4de5d46a1d921b8749f8b74e28bde23768e5e16eece998"},
    {file = "requests-2.25.0.tar.gz", hash = "sha256:7f1a0b932f4a60a1a65caa4263921bb7d9ee911957e0ae4a23a6dd08185ad5f8"},
]
six = [
    {file = "six-1.15.0-py2.py3-none-any.whl", hash = "sha256:8b74bedcbbbaca38ff6d7491d76f2b06b3592611af620f8426e82dddb04a5ced"},
    {file = "six-1.15.0.tar.gz", hash = "sha256:30639c035cdb23534cd4aa2dd52c3bf48f06e5f4a941509c8bafd8ce11080259"},
]
smmap = [
    {file = "smmap-3.0.4-py2.py3-none-any.whl", hash = "sha256:54c44c197c819d5ef1991799a7e30b662d1e520f2ac75c9efbeb54a742214cf4"},
    {file = "smmap-3.0.4.tar.gz", hash = "sha256:9c98bbd1f9786d22f14b3d4126894d56befb835ec90cef151af566c7e19b5d24"},
]
stevedore = [
    {file = "stevedore-3.2.0-py3-none-any.whl", hash = "sha256:c8f4f0ebbc394e52ddf49de8bcc3cf8ad2b4425ebac494106bbc5e3661ac7633"},
    {file = "stevedore-3.2.0.tar.gz", hash = "sha256:38791aa5bed922b0a844513c5f9ed37774b68edc609e5ab8ab8d8fe0ce4315e5"},
]
streamlink = [
    {file = "streamlink-1.7.0-py2.py3-none-any.whl", hash = "sha256:574db7c297b050d48ef7cda0ce302af79185e1b5c6e1c8dba1a5bf2b238b0392"},
    {file = "streamlink-1.7.0-py2.py3-none-win32.whl", hash = "sha256:61b114ef2333c083743019dd691b95e92d8b12715263ffb5cdf71942638ade88"},
    {file = "streamlink-1.7.0-py2.py3-none-win_amd64.whl", hash = "sha256:9ba4f4bd7a462e373342f0f4b1b816c3b1f930be204a0dcdfc036d259ab52ae2"},
    {file = "streamlink-1.7.0.tar.gz", hash = "sha256:f87a62a47212d94769929bd040d9c186b461643bdbda06f839b99ec9efefb87a"},
]
toml = [
    {file = "toml-0.10.1-py2.py3-none-any.whl", hash = "sha256:bda89d5935c2eac546d648028b9901107a595863cb36bae0c73ac804a9b4ce88"},
    {file = "toml-0.10.1.tar.gz", hash = "sha256:926b612be1e5ce0634a2ca03470f95169cf16f939018233a670519cb4ac58b0f"},
]
urllib3 = [
    {file = "urllib3-1.25.10-py2.py3-none-any.whl", hash = "sha256:e7983572181f5e1522d9c98453462384ee92a0be7fac5f1413a1e35c56cc0461"},
    {file = "urllib3-1.25.10.tar.gz", hash = "sha256:91056c15fa70756691db97756772bb1eb9678fa585d9184f24534b100dc60f4a"},
]
websocket-client = [
    {file = "websocket_client-0.57.0-py2.py3-none-any.whl", hash = "sha256:0fc45c961324d79c781bab301359d5a1b00b13ad1b10415a4780229ef71a5549"},
    {file = "websocket_client-0.57.0.tar.gz", hash = "sha256:d735b91d6d1692a6a181f2a8c9e0238e5f6373356f561bb9dc4c7af36f452010"},
]
youtube-dl = [
    {file = "youtube_dl-2020.11.26-py2.py3-none-any.whl", hash = "sha256:be0b605c65adbcda2844806359478fe88101def37c994f19c52fad45232af7cc"},
    {file = "youtube_dl-2020.11.26.tar.gz", hash = "sha256:3d52d2c969ec9521a086c43f809fd7545708b7ba24d7379fb123b5438ba691e1"},
]
zipp = [
    {file = "zipp-3.1.0-py3-none-any.whl", hash = "sha256:aa36550ff0c0b7ef7fa639055d797116ee891440eac1a56f378e2d3179e0320b"},
    {file = "zipp-3.1.0.tar.gz", hash = "sha256:c599e4d75c98f6798c509911d08a22e6c021d074469042177c8c86fb92eefd96"},
]
